
Microsoft Visual Studio Solution File, Format Version 12.00
# Visual Studio Version 16
VisualStudioVersion = 16.0.32126.315
MinimumVisualStudioVersion = 10.0.40219.1
Project("{FAE04EC0-301F-11D3-BF4B-00C04F79EFBC}") = "P225StaticExtentionNullableEnumStruc", "P225StaticExtentionNullableEnumStruc.csproj", "{78F179FE-C9BC-4486-B917-EC83DCE4C54B}"
EndProject
Global
	GlobalSection(SolutionConfigurationPlatforms) = preSolution
		Debug|Any CPU = Debug|Any CPU
		Release|Any CPU = Release|Any CPU
	EndGlobalSection
	GlobalSection(ProjectConfigurationPlatforms) = postSolution
		{78F179FE-C9BC-4486-B917-EC83DCE4C54B}.Debug|Any CPU.ActiveCfg = Debug|Any CPU
		{78F179FE-C9BC-4486-B917-EC83DCE4C54B}.Debug|Any CPU.Build.0 = Debug|Any CPU
		{78F179FE-C9BC-4486-B917-EC83DCE4C54B}.Release|Any CPU.ActiveCfg = Release|Any CPU
		{78F179FE-C9BC-4486-B917-EC83DCE4C54B}.Release|Any CPU.Build.0 = Release|Any CPU
	EndGlobalSection
	GlobalSection(SolutionProperties) = preSolution
		HideSolutionNode = FALSE
	EndGlobalSection
	GlobalSection(ExtensibilityGlobals) = postSolution
		SolutionGuid = {5EF7A3F0-157C-45CC-8418-2C48CD5E49AC}
	EndGlobalSection
EndGlobal
