
Microsoft Visual Studio Solution File, Format Version 12.00
# Visual Studio Version 16
VisualStudioVersion = 16.0.32126.315
MinimumVisualStudioVersion = 10.0.40219.1
Project("{FAE04EC0-301F-11D3-BF4B-00C04F79EFBC}") = "P225NullableValueTypeEnumStruct", "P225NullableValueTypeEnumStruct.csproj", "{A630D326-B03A-4EBA-B0C6-C14ACA32AA23}"
EndProject
Global
	GlobalSection(SolutionConfigurationPlatforms) = preSolution
		Debug|Any CPU = Debug|Any CPU
		Release|Any CPU = Release|Any CPU
	EndGlobalSection
	GlobalSection(ProjectConfigurationPlatforms) = postSolution
		{A630D326-B03A-4EBA-B0C6-C14ACA32AA23}.Debug|Any CPU.ActiveCfg = Debug|Any CPU
		{A630D326-B03A-4EBA-B0C6-C14ACA32AA23}.Debug|Any CPU.Build.0 = Debug|Any CPU
		{A630D326-B03A-4EBA-B0C6-C14ACA32AA23}.Release|Any CPU.ActiveCfg = Release|Any CPU
		{A630D326-B03A-4EBA-B0C6-C14ACA32AA23}.Release|Any CPU.Build.0 = Release|Any CPU
	EndGlobalSection
	GlobalSection(SolutionProperties) = preSolution
		HideSolutionNode = FALSE
	EndGlobalSection
	GlobalSection(ExtensibilityGlobals) = postSolution
		SolutionGuid = {CCDA318D-1871-4425-8A55-CEC9EFBDBB86}
	EndGlobalSection
EndGlobal
